
Microsoft Visual Studio Solution File, Format Version 12.00
# Visual Studio Version 16
VisualStudioVersion = 16.0.33529.622
MinimumVisualStudioVersion = 10.0.40219.1
Project("{FAE04EC0-301F-11D3-BF4B-00C04F79EFBC}") = "XayDungLopFan", "XayDungLopFan.csproj", "{496862C3-BC56-4870-A9CC-AB03A6687FF3}"
EndProject
Global
	GlobalSection(SolutionConfigurationPlatforms) = preSolution
		Debug|Any CPU = Debug|Any CPU
		Release|Any CPU = Release|Any CPU
	EndGlobalSection
	GlobalSection(ProjectConfigurationPlatforms) = postSolution
		{496862C3-BC56-4870-A9CC-AB03A6687FF3}.Debug|Any CPU.ActiveCfg = Debug|Any CPU
		{496862C3-BC56-4870-A9CC-AB03A6687FF3}.Debug|Any CPU.Build.0 = Debug|Any CPU
		{496862C3-BC56-4870-A9CC-AB03A6687FF3}.Release|Any CPU.ActiveCfg = Release|Any CPU
		{496862C3-BC56-4870-A9CC-AB03A6687FF3}.Release|Any CPU.Build.0 = Release|Any CPU
	EndGlobalSection
	GlobalSection(SolutionProperties) = preSolution
		HideSolutionNode = FALSE
	EndGlobalSection
	GlobalSection(ExtensibilityGlobals) = postSolution
		SolutionGuid = {61C70361-76E1-466C-BF0D-455D89EF526F}
	EndGlobalSection
EndGlobal
